Microsoft Visual Studio Solution File, Format Version 11.00
# Visual Studio 2008

Project("{6E8E2595-3733-8C1F-FACF-0DF56249227A}") = "Slam", "Assembly-CSharp.csproj", "{9E26ABEF-07A2-FBAD-E531-480A457C2D1D}"
EndProject
Global
	GlobalSection(SolutionConfigurationPlatforms) = preSolution
		Debug|Any CPU = Debug|Any CPU
		Release|Any CPU = Release|Any CPU
	EndGlobalSection
	GlobalSection(ProjectConfigurationPlatforms) = postSolution
		{9E26ABEF-07A2-FBAD-E531-480A457C2D1D}.Debug|Any CPU.ActiveCfg = Debug|Any CPU
		{9E26ABEF-07A2-FBAD-E531-480A457C2D1D}.Debug|Any CPU.Build.0 = Debug|Any CPU
		{9E26ABEF-07A2-FBAD-E531-480A457C2D1D}.Release|Any CPU.ActiveCfg = Release|Any CPU
		{9E26ABEF-07A2-FBAD-E531-480A457C2D1D}.Release|Any CPU.Build.0 = Release|Any CPU
	EndGlobalSection
	GlobalSection(SolutionProperties) = preSolution
		HideSolutionNode = FALSE
	EndGlobalSection
	GlobalSection(MonoDevelopProperties) = preSolution
		StartupItem = Assembly-CSharp.csproj
	EndGlobalSection
EndGlobal
